
Microsoft Visual Studio Solution File, Format Version 12.00
# Visual Studio Version 17
VisualStudioVersion = 17.9.34714.143
MinimumVisualStudioVersion = 10.0.40219.1
Project("{9A19103F-16F7-4668-BE54-9A1E7A4F7556}") = "UsdaApi", "UsdaApi\UsdaApi.csproj", "{460DE5AE-8ED1-4328-BFDB-632F656689D8}"
EndProject
Global
	GlobalSection(SolutionConfigurationPlatforms) = preSolution
		Debug|Any CPU = Debug|Any CPU
		Release|Any CPU = Release|Any CPU
	EndGlobalSection
	GlobalSection(ProjectConfigurationPlatforms) = postSolution
		{460DE5AE-8ED1-4328-BFDB-632F656689D8}.Debug|Any CPU.ActiveCfg = Debug|Any CPU
		{460DE5AE-8ED1-4328-BFDB-632F656689D8}.Debug|Any CPU.Build.0 = Debug|Any CPU
		{460DE5AE-8ED1-4328-BFDB-632F656689D8}.Release|Any CPU.ActiveCfg = Release|Any CPU
		{460DE5AE-8ED1-4328-BFDB-632F656689D8}.Release|Any CPU.Build.0 = Release|Any CPU
	EndGlobalSection
	GlobalSection(SolutionProperties) = preSolution
		HideSolutionNode = FALSE
	EndGlobalSection
	GlobalSection(ExtensibilityGlobals) = postSolution
		SolutionGuid = {8DBA9264-5F37-44E6-94CF-A23E31F166F8}
	EndGlobalSection
EndGlobal
